{
  "name": "vuepress",
  "version": "1.0.0",
  "lockfileVersion": 1,
  "requires": true,
  "dependencies": {
    "@vssue/utils": {
      "version": "1.4.0",
      "resolved": "http://121.199.42.250:4876/@vssue%2futils/-/utils-1.4.0.tgz",
      "integrity": "sha1-PML9hJKjQJ40MomYHiIJtsovgxM=",
      "requires": {
        "date-fns": "^1.29.0",
        "qs": "^6.6.0"
      }
    },
    "date-fns": {
      "version": "1.30.1",
      "resolved": "http://121.199.42.250:4876/date-fns/-/date-fns-1.30.1.tgz",
      "integrity": "sha1-LnG/CxGRU9u0zE6I2epaz7UNwFw="
    },
    "github-markdown-css": {
      "version": "3.0.1",
      "resolved": "http://121.199.42.250:4876/github-markdown-css/-/github-markdown-css-3.0.1.tgz",
      "integrity": "sha1-0I2xBg0uGCAl4NB9VHz+Kv7TAgU="
    },
    "moment": {
      "version": "2.27.0",
      "resolved": "http://121.199.42.250:4876/moment/-/moment-2.27.0.tgz",
      "integrity": "sha1-i/9OPiaiNiIN/j423nVrbrqgEF0="
    },
    "qs": {
      "version": "6.9.4",
      "resolved": "http://121.199.42.250:4876/qs/-/qs-6.9.4.tgz",
      "integrity": "sha1-kJCykNH5FyjTwi5UhDykSupatoc="
    },
    "vssue": {
      "version": "1.4.6",
      "resolved": "http://121.199.42.250:4876/vssue/-/vssue-1.4.6.tgz",
      "integrity": "sha1-LOFjc5B9wEu5LWkIIk8N1yOUVPY=",
      "requires": {
        "@vssue/utils": "^1.4.0",
        "github-markdown-css": "^3.0.1",
        "vue": "^2.6.10",
        "vue-i18n": "^8.11.2",
        "vue-property-decorator": "^8.1.1"
      }
    },
    "vue": {
      "version": "2.6.11",
      "resolved": "http://121.199.42.250:4876/vue/-/vue-2.6.11.tgz",
      "integrity": "sha1-dllNh31LEiNEBuhONSdcbVFBJcU="
    },
    "vue-class-component": {
      "version": "7.2.5",
      "resolved": "http://121.199.42.250:4876/vue-class-component/-/vue-class-component-7.2.5.tgz",
      "integrity": "sha1-ISs1SMT90zFHdMStvBw3kqQLUtA="
    },
    "vue-i18n": {
      "version": "8.20.0",
      "resolved": "http://121.199.42.250:4876/vue-i18n/-/vue-i18n-8.20.0.tgz",
      "integrity": "sha1-yBsB1lQRgrKFZTFsr+iBtlo8Dxs="
    },
    "vue-property-decorator": {
      "version": "8.5.1",
      "resolved": "http://121.199.42.250:4876/vue-property-decorator/-/vue-property-decorator-8.5.1.tgz",
      "integrity": "sha1-VxqRz40rUH9TfXm/gnWvMYRXL/8=",
      "requires": {
        "vue-class-component": "^7.1.0"
      }
    }
  }
}
